
Microsoft Visual Studio Solution File, Format Version 12.00
# Visual Studio Version 17
VisualStudioVersion = 17.14.36408.4 d17.14
MinimumVisualStudioVersion = 10.0.40219.1
Project("{FAE04EC0-301F-11D3-BF4B-00C04F79EFBC}") = "NotNot.AppSettings.StandaloneExample", "NotNot.AppSettings.StandaloneExample.csproj", "{13892FBC-C73C-4E14-A019-BF076DCF05C6}"
EndProject
Global
	GlobalSection(SolutionConfigurationPlatforms) = preSolution
		Debug|Any CPU = Debug|Any CPU
		Release|Any CPU = Release|Any CPU
	EndGlobalSection
	GlobalSection(ProjectConfigurationPlatforms) = postSolution
		{13892FBC-C73C-4E14-A019-BF076DCF05C6}.Debug|Any CPU.ActiveCfg = Debug|Any CPU
		{13892FBC-C73C-4E14-A019-BF076DCF05C6}.Debug|Any CPU.Build.0 = Debug|Any CPU
		{13892FBC-C73C-4E14-A019-BF076DCF05C6}.Release|Any CPU.ActiveCfg = Release|Any CPU
		{13892FBC-C73C-4E14-A019-BF076DCF05C6}.Release|Any CPU.Build.0 = Release|Any CPU
	EndGlobalSection
	GlobalSection(SolutionProperties) = preSolution
		HideSolutionNode = FALSE
	EndGlobalSection
	GlobalSection(ExtensibilityGlobals) = postSolution
		SolutionGuid = {2BEE6762-9AC5-4F3C-A211-7E744F6832B7}
	EndGlobalSection
EndGlobal
