
Microsoft Visual Studio Solution File, Format Version 12.00
# Visual Studio Version 17
VisualStudioVersion = 17.13.35617.110
MinimumVisualStudioVersion = 10.0.40219.1
Project("{FAE04EC0-301F-11D3-BF4B-00C04F79EFBC}") = "NotNot.Bcl.Core", "nuget\NotNot.Bcl.Core\NotNot.Bcl.Core.csproj", "{F2542088-A74F-ED3B-F46E-A9D5DC2A3E8A}"
EndProject
Project("{FAE04EC0-301F-11D3-BF4B-00C04F79EFBC}") = "NotNot.Analyzers", "nuget\NotNot.Analyzers\NotNot.Analyzers.csproj", "{FB440EC7-4E09-7D83-31A8-B1FDA5B43F34}"
EndProject
Project("{FAE04EC0-301F-11D3-BF4B-00C04F79EFBC}") = "NotNot.Bcl", "nuget\NotNot.Bcl\NotNot.Bcl.csproj", "{AC1D58D4-DF00-E757-1E1D-70EFC0E7A096}"
EndProject
Project("{FAE04EC0-301F-11D3-BF4B-00C04F79EFBC}") = "NotNot.Bcl.Example.HelloConsole", "example\NotNot.Bcl.Example.HelloConsole\NotNot.Bcl.Example.HelloConsole.csproj", "{F6FC0EA1-0B4C-4190-AA0C-B7C97F232EC9}"
	ProjectSection(ProjectDependencies) = postProject
		{AC1D58D4-DF00-E757-1E1D-70EFC0E7A096} = {AC1D58D4-DF00-E757-1E1D-70EFC0E7A096}
	EndProjectSection
EndProject
Project("{FAE04EC0-301F-11D3-BF4B-00C04F79EFBC}") = "NotNot.AppSettings", "nuget\NotNot.AppSettings\NotNot.AppSettings.csproj", "{7EEE9FB7-8643-F215-99D1-29D24474B4AE}"
EndProject
Project("{2150E333-8FDC-42A3-9474-1A3956D46DE8}") = "nuget", "nuget", "{02EA681E-C7D8-13C7-8484-4AC65E1B71E8}"
EndProject
Project("{2150E333-8FDC-42A3-9474-1A3956D46DE8}") = "example", "example", "{F0429D9F-3E5F-4003-A75F-1D547D2A4A1B}"
EndProject
Project("{FAE04EC0-301F-11D3-BF4B-00C04F79EFBC}") = "NotNot.AppSettings.Example", "example\NotNot.AppSettings.Example\NotNot.AppSettings.Example.csproj", "{058B8F69-758D-CDC8-D5D9-5A003EDD4716}"
	ProjectSection(ProjectDependencies) = postProject
		{7EEE9FB7-8643-F215-99D1-29D24474B4AE} = {7EEE9FB7-8643-F215-99D1-29D24474B4AE}
	EndProjectSection
EndProject
Project("{2150E333-8FDC-42A3-9474-1A3956D46DE8}") = "test", "test", "{85C1A6F1-0DFB-4DEB-8436-3900B2235C41}"
EndProject
Project("{2150E333-8FDC-42A3-9474-1A3956D46DE8}") = "scratch", "scratch", "{82810790-B3A3-4ED8-8ACA-A61B1680AB40}"
EndProject
Project("{FAE04EC0-301F-11D3-BF4B-00C04F79EFBC}") = "ScratchConsole", "scratch\ScratchConsole\ScratchConsole.csproj", "{83A81F89-240C-41BC-8E82-EAE73968F90D}"
EndProject
Project("{FAE04EC0-301F-11D3-BF4B-00C04F79EFBC}") = "NotNot.GodotDev", "NotNot.GodotDev\NotNot.GodotDev.csproj", "{F60AA371-18BA-56BB-7205-445E524CA680}"
EndProject
Project("{2150E333-8FDC-42A3-9474-1A3956D46DE8}") = "helper-scripts", "helper-scripts", "{F1D5F077-7F30-48C1-9284-291A957F4776}"
	ProjectSection(SolutionItems) = preProject
		helper-scripts\nuget-deploy.ps1 = helper-scripts\nuget-deploy.ps1
	EndProjectSection
EndProject
Global
	GlobalSection(SolutionConfigurationPlatforms) = preSolution
		Debug|Any CPU = Debug|Any CPU
		DebugNuget|Any CPU = DebugNuget|Any CPU
		Release|Any CPU = Release|Any CPU
	EndGlobalSection
	GlobalSection(ProjectConfigurationPlatforms) = postSolution
		{F2542088-A74F-ED3B-F46E-A9D5DC2A3E8A}.Debug|Any CPU.ActiveCfg = Debug|Any CPU
		{F2542088-A74F-ED3B-F46E-A9D5DC2A3E8A}.Debug|Any CPU.Build.0 = Debug|Any CPU
		{F2542088-A74F-ED3B-F46E-A9D5DC2A3E8A}.DebugNuget|Any CPU.ActiveCfg = DebugNuget|Any CPU
		{F2542088-A74F-ED3B-F46E-A9D5DC2A3E8A}.DebugNuget|Any CPU.Build.0 = DebugNuget|Any CPU
		{F2542088-A74F-ED3B-F46E-A9D5DC2A3E8A}.Release|Any CPU.ActiveCfg = Release|Any CPU
		{F2542088-A74F-ED3B-F46E-A9D5DC2A3E8A}.Release|Any CPU.Build.0 = Release|Any CPU
		{FB440EC7-4E09-7D83-31A8-B1FDA5B43F34}.Debug|Any CPU.ActiveCfg = Debug|Any CPU
		{FB440EC7-4E09-7D83-31A8-B1FDA5B43F34}.Debug|Any CPU.Build.0 = Debug|Any CPU
		{FB440EC7-4E09-7D83-31A8-B1FDA5B43F34}.DebugNuget|Any CPU.ActiveCfg = DebugNuget|Any CPU
		{FB440EC7-4E09-7D83-31A8-B1FDA5B43F34}.DebugNuget|Any CPU.Build.0 = DebugNuget|Any CPU
		{FB440EC7-4E09-7D83-31A8-B1FDA5B43F34}.Release|Any CPU.ActiveCfg = Release|Any CPU
		{FB440EC7-4E09-7D83-31A8-B1FDA5B43F34}.Release|Any CPU.Build.0 = Release|Any CPU
		{AC1D58D4-DF00-E757-1E1D-70EFC0E7A096}.Debug|Any CPU.ActiveCfg = Debug|Any CPU
		{AC1D58D4-DF00-E757-1E1D-70EFC0E7A096}.Debug|Any CPU.Build.0 = Debug|Any CPU
		{AC1D58D4-DF00-E757-1E1D-70EFC0E7A096}.DebugNuget|Any CPU.ActiveCfg = DebugNuget|Any CPU
		{AC1D58D4-DF00-E757-1E1D-70EFC0E7A096}.DebugNuget|Any CPU.Build.0 = DebugNuget|Any CPU
		{AC1D58D4-DF00-E757-1E1D-70EFC0E7A096}.Release|Any CPU.ActiveCfg = Release|Any CPU
		{AC1D58D4-DF00-E757-1E1D-70EFC0E7A096}.Release|Any CPU.Build.0 = Release|Any CPU
		{F6FC0EA1-0B4C-4190-AA0C-B7C97F232EC9}.Debug|Any CPU.ActiveCfg = Debug|Any CPU
		{F6FC0EA1-0B4C-4190-AA0C-B7C97F232EC9}.Debug|Any CPU.Build.0 = Debug|Any CPU
		{F6FC0EA1-0B4C-4190-AA0C-B7C97F232EC9}.DebugNuget|Any CPU.ActiveCfg = DebugNuget|Any CPU
		{F6FC0EA1-0B4C-4190-AA0C-B7C97F232EC9}.DebugNuget|Any CPU.Build.0 = DebugNuget|Any CPU
		{F6FC0EA1-0B4C-4190-AA0C-B7C97F232EC9}.Release|Any CPU.ActiveCfg = Release|Any CPU
		{F6FC0EA1-0B4C-4190-AA0C-B7C97F232EC9}.Release|Any CPU.Build.0 = Release|Any CPU
		{7EEE9FB7-8643-F215-99D1-29D24474B4AE}.Debug|Any CPU.ActiveCfg = Debug|Any CPU
		{7EEE9FB7-8643-F215-99D1-29D24474B4AE}.Debug|Any CPU.Build.0 = Debug|Any CPU
		{7EEE9FB7-8643-F215-99D1-29D24474B4AE}.DebugNuget|Any CPU.ActiveCfg = DebugNuget|Any CPU
		{7EEE9FB7-8643-F215-99D1-29D24474B4AE}.DebugNuget|Any CPU.Build.0 = DebugNuget|Any CPU
		{7EEE9FB7-8643-F215-99D1-29D24474B4AE}.Release|Any CPU.ActiveCfg = Release|Any CPU
		{7EEE9FB7-8643-F215-99D1-29D24474B4AE}.Release|Any CPU.Build.0 = Release|Any CPU
		{058B8F69-758D-CDC8-D5D9-5A003EDD4716}.Debug|Any CPU.ActiveCfg = Debug|Any CPU
		{058B8F69-758D-CDC8-D5D9-5A003EDD4716}.Debug|Any CPU.Build.0 = Debug|Any CPU
		{058B8F69-758D-CDC8-D5D9-5A003EDD4716}.DebugNuget|Any CPU.ActiveCfg = DebugNuget|Any CPU
		{058B8F69-758D-CDC8-D5D9-5A003EDD4716}.DebugNuget|Any CPU.Build.0 = DebugNuget|Any CPU
		{058B8F69-758D-CDC8-D5D9-5A003EDD4716}.Release|Any CPU.ActiveCfg = Release|Any CPU
		{058B8F69-758D-CDC8-D5D9-5A003EDD4716}.Release|Any CPU.Build.0 = Release|Any CPU
		{83A81F89-240C-41BC-8E82-EAE73968F90D}.Debug|Any CPU.ActiveCfg = Release|Any CPU
		{83A81F89-240C-41BC-8E82-EAE73968F90D}.Debug|Any CPU.Build.0 = Release|Any CPU
		{83A81F89-240C-41BC-8E82-EAE73968F90D}.DebugNuget|Any CPU.ActiveCfg = DebugNuget|Any CPU
		{83A81F89-240C-41BC-8E82-EAE73968F90D}.DebugNuget|Any CPU.Build.0 = DebugNuget|Any CPU
		{83A81F89-240C-41BC-8E82-EAE73968F90D}.Release|Any CPU.ActiveCfg = Release|Any CPU
		{83A81F89-240C-41BC-8E82-EAE73968F90D}.Release|Any CPU.Build.0 = Release|Any CPU
		{F60AA371-18BA-56BB-7205-445E524CA680}.Debug|Any CPU.ActiveCfg = ExportDebug|Any CPU
		{F60AA371-18BA-56BB-7205-445E524CA680}.Debug|Any CPU.Build.0 = ExportDebug|Any CPU
		{F60AA371-18BA-56BB-7205-445E524CA680}.DebugNuget|Any CPU.ActiveCfg = DebugNuget|Any CPU
		{F60AA371-18BA-56BB-7205-445E524CA680}.DebugNuget|Any CPU.Build.0 = DebugNuget|Any CPU
		{F60AA371-18BA-56BB-7205-445E524CA680}.Release|Any CPU.ActiveCfg = ExportDebug|Any CPU
		{F60AA371-18BA-56BB-7205-445E524CA680}.Release|Any CPU.Build.0 = ExportDebug|Any CPU
	EndGlobalSection
	GlobalSection(SolutionProperties) = preSolution
		HideSolutionNode = FALSE
	EndGlobalSection
	GlobalSection(NestedProjects) = preSolution
		{F2542088-A74F-ED3B-F46E-A9D5DC2A3E8A} = {02EA681E-C7D8-13C7-8484-4AC65E1B71E8}
		{FB440EC7-4E09-7D83-31A8-B1FDA5B43F34} = {02EA681E-C7D8-13C7-8484-4AC65E1B71E8}
		{AC1D58D4-DF00-E757-1E1D-70EFC0E7A096} = {02EA681E-C7D8-13C7-8484-4AC65E1B71E8}
		{F6FC0EA1-0B4C-4190-AA0C-B7C97F232EC9} = {F0429D9F-3E5F-4003-A75F-1D547D2A4A1B}
		{7EEE9FB7-8643-F215-99D1-29D24474B4AE} = {02EA681E-C7D8-13C7-8484-4AC65E1B71E8}
		{058B8F69-758D-CDC8-D5D9-5A003EDD4716} = {F0429D9F-3E5F-4003-A75F-1D547D2A4A1B}
		{83A81F89-240C-41BC-8E82-EAE73968F90D} = {82810790-B3A3-4ED8-8ACA-A61B1680AB40}
	EndGlobalSection
	GlobalSection(ExtensibilityGlobals) = postSolution
		SolutionGuid = {90539A08-F07F-4EAF-9293-D52AD4D10634}
	EndGlobalSection
EndGlobal
