
Microsoft Visual Studio Solution File, Format Version 12.00
# Visual Studio Version 17
VisualStudioVersion = 17.13.35617.110 d17.13
MinimumVisualStudioVersion = 10.0.40219.1
Project("{FAE04EC0-301F-11D3-BF4B-00C04F79EFBC}") = "testNugetProjects", ".\scratch-private\testNugetProjects\testNugetProjects.csproj", "{985AF520-1D41-4215-A191-A3CF9C38C8E6}"
EndProject
Project("{FAE04EC0-301F-11D3-BF4B-00C04F79EFBC}") = "NotNot.Core", ".\nuget\NotNot.Core\NotNot.Core.csproj", "{F2542088-A74F-ED3B-F46E-A9D5DC2A3E8A}"
EndProject
Project("{FAE04EC0-301F-11D3-BF4B-00C04F79EFBC}") = "NotNot.Analyzers", ".\nuget\NotNot.Analyzers\NotNot.Analyzers.csproj", "{FB440EC7-4E09-7D83-31A8-B1FDA5B43F34}"
EndProject
Global
	GlobalSection(SolutionConfigurationPlatforms) = preSolution
		Debug|Any CPU = Debug|Any CPU
		Release|Any CPU = Release|Any CPU
	EndGlobalSection
	GlobalSection(ProjectConfigurationPlatforms) = postSolution
		{985AF520-1D41-4215-A191-A3CF9C38C8E6}.Debug|Any CPU.ActiveCfg = Debug|Any CPU
		{985AF520-1D41-4215-A191-A3CF9C38C8E6}.Debug|Any CPU.Build.0 = Debug|Any CPU
		{985AF520-1D41-4215-A191-A3CF9C38C8E6}.Release|Any CPU.ActiveCfg = Release|Any CPU
		{985AF520-1D41-4215-A191-A3CF9C38C8E6}.Release|Any CPU.Build.0 = Release|Any CPU
		{F2542088-A74F-ED3B-F46E-A9D5DC2A3E8A}.Debug|Any CPU.ActiveCfg = Debug|Any CPU
		{F2542088-A74F-ED3B-F46E-A9D5DC2A3E8A}.Debug|Any CPU.Build.0 = Debug|Any CPU
		{F2542088-A74F-ED3B-F46E-A9D5DC2A3E8A}.Release|Any CPU.ActiveCfg = Release|Any CPU
		{F2542088-A74F-ED3B-F46E-A9D5DC2A3E8A}.Release|Any CPU.Build.0 = Release|Any CPU
		{FB440EC7-4E09-7D83-31A8-B1FDA5B43F34}.Debug|Any CPU.ActiveCfg = Debug|Any CPU
		{FB440EC7-4E09-7D83-31A8-B1FDA5B43F34}.Debug|Any CPU.Build.0 = Debug|Any CPU
		{FB440EC7-4E09-7D83-31A8-B1FDA5B43F34}.Release|Any CPU.ActiveCfg = Release|Any CPU
		{FB440EC7-4E09-7D83-31A8-B1FDA5B43F34}.Release|Any CPU.Build.0 = Release|Any CPU
	EndGlobalSection
	GlobalSection(SolutionProperties) = preSolution
		HideSolutionNode = FALSE
	EndGlobalSection
	GlobalSection(ExtensibilityGlobals) = postSolution
		SolutionGuid = {90539A08-F07F-4EAF-9293-D52AD4D10634}
	EndGlobalSection
EndGlobal
